
Microsoft Visual Studio Solution File, Format Version 10.00
# Visual Studio 2008
Project("{8BC9CEB8-8B4A-11D0-8D11-00A0C91BC942}") = "AsianOption", "AsianOption\AsianOption.vcproj", "{4B4EBF68-8FA1-4E21-A34B-4CE21DFA3C0B}"
EndProject
Global
	GlobalSection(SolutionConfigurationPlatforms) = preSolution
		Debug|Win32 = Debug|Win32
		Release|Win32 = Release|Win32
	EndGlobalSection
	GlobalSection(ProjectConfigurationPlatforms) = postSolution
		{4B4EBF68-8FA1-4E21-A34B-4CE21DFA3C0B}.Debug|Win32.ActiveCfg = Debug|Win32
		{4B4EBF68-8FA1-4E21-A34B-4CE21DFA3C0B}.Debug|Win32.Build.0 = Debug|Win32
		{4B4EBF68-8FA1-4E21-A34B-4CE21DFA3C0B}.Release|Win32.ActiveCfg = Release|Win32
		{4B4EBF68-8FA1-4E21-A34B-4CE21DFA3C0B}.Release|Win32.Build.0 = Release|Win32
	EndGlobalSection
	GlobalSection(SolutionProperties) = preSolution
		HideSolutionNode = FALSE
	EndGlobalSection
EndGlobal
